<Solution>
  <Configurations>
    <Platform Name="x64" />
    <Platform Name="x86" />
  </Configurations>
  <Project Path="../foobar2000/foobar2000_component_client/foobar2000_component_client.vcxproj" Id="71ad2674-065b-48f5-b8b0-e1f9d3892081" />
  <Project Path="../foobar2000/helpers/foobar2000_sdk_helpers.vcxproj" Id="ee47764e-a202-4f85-a767-abdab4aff35f" />
  <Project Path="../foobar2000/SDK/foobar2000_SDK.vcxproj" Id="e8091321-d79d-4575-86ef-064ea1a4a20d" />
  <Project Path="../foobar2000/shared/shared.vcxproj" Id="054c606b-17bf-4540-ac4e-a9a7243628b8" />
  <Project Path="../pfc/pfc.vcxproj" Id="ebfffb4e-261d-44d3-b89c-957b31a0bf9c" />
  <Project Path="foo_metron.vcxproj" Id="f1f9b9a2-e2ea-4b8c-8347-e65b31b57f24" />
</Solution>
